<?xml version="1.0" encoding="utf-8"?>
<Project ToolsVersion="17.0" xmlns="http://schemas.microsoft.com/developer/msbuild/2003">
  <ItemGroup>
    <ClCompile Include="C:\Git\Labaratornaya-rabota-1\CloneCmake2\Laba1.cpp">
      <Filter>Source Files</Filter>
    </ClCompile>
  </ItemGroup>
  <ItemGroup>
    <CustomBuild Include="C:\Git\Labaratornaya-rabota-1\CloneCmake2\CMakeLists.txt" />
  </ItemGroup>
  <ItemGroup>
    <Filter Include="Source Files">
      <UniqueIdentifier>{A8AF0E17-A10E-34C8-B243-BA5FF6586E8C}</UniqueIdentifier>
    </Filter>
  </ItemGroup>
</Project>
